{
  "name": "mosaic_konva",
  "version": "1.0.0",
  "lockfileVersion": 1,
  "requires": true,
  "dependencies": {
    "konva": {
      "version": "1.6.8",
      "resolved": "https://registry.npmjs.org/konva/-/konva-1.6.8.tgz",
      "integrity": "sha512-7AhbRe+cQLB4iYopOrcER4gbTXU6aAeHzAmuRE3891HY1v7mjdhlmyX60AVFoOmkrx8JXPwqxGRJRRfq1oY5oA=="
    }
  }
}
